
Microsoft Visual Studio Solution File, Format Version 12.00
# Visual Studio Version 17
VisualStudioVersion = 17.4.33110.190
MinimumVisualStudioVersion = 10.0.40219.1
Project("{FAE04EC0-301F-11D3-BF4B-00C04F79EFBC}") = "ExampleCICD", "ExampleCICD\ExampleCICD.csproj", "{1EB6E27D-9850-4BE9-BEFC-B2F05BAADDE5}"
EndProject
Project("{FAE04EC0-301F-11D3-BF4B-00C04F79EFBC}") = "ExampleCICD.Test", "ExampleCICD.Test\ExampleCICD.Test.csproj", "{394978CA-A9B8-4BF2-B6BF-BDCD1E4EB0F8}"
EndProject
Global
	GlobalSection(SolutionConfigurationPlatforms) = preSolution
		Debug|Any CPU = Debug|Any CPU
		Release|Any CPU = Release|Any CPU
	EndGlobalSection
	GlobalSection(ProjectConfigurationPlatforms) = postSolution
		{1EB6E27D-9850-4BE9-BEFC-B2F05BAADDE5}.Debug|Any CPU.ActiveCfg = Debug|Any CPU
		{1EB6E27D-9850-4BE9-BEFC-B2F05BAADDE5}.Debug|Any CPU.Build.0 = Debug|Any CPU
		{1EB6E27D-9850-4BE9-BEFC-B2F05BAADDE5}.Release|Any CPU.ActiveCfg = Release|Any CPU
		{1EB6E27D-9850-4BE9-BEFC-B2F05BAADDE5}.Release|Any CPU.Build.0 = Release|Any CPU
		{394978CA-A9B8-4BF2-B6BF-BDCD1E4EB0F8}.Debug|Any CPU.ActiveCfg = Debug|Any CPU
		{394978CA-A9B8-4BF2-B6BF-BDCD1E4EB0F8}.Debug|Any CPU.Build.0 = Debug|Any CPU
		{394978CA-A9B8-4BF2-B6BF-BDCD1E4EB0F8}.Release|Any CPU.ActiveCfg = Release|Any CPU
		{394978CA-A9B8-4BF2-B6BF-BDCD1E4EB0F8}.Release|Any CPU.Build.0 = Release|Any CPU
	EndGlobalSection
	GlobalSection(SolutionProperties) = preSolution
		HideSolutionNode = FALSE
	EndGlobalSection
	GlobalSection(ExtensibilityGlobals) = postSolution
		SolutionGuid = {E1021FD8-70C8-4319-A06B-B34A842D99ED}
	EndGlobalSection
EndGlobal
